uuid: f6ff6871-ab6c-4d69-acff-b61aa8d71756
langcode: de
status: true
dependencies:
  module:
    - block_content
  enforced:
    module:
      - gutenberg
_core:
  default_config_hash: 0nRdlyXwWiWvI4FdhHFKcKfOGaW3sirwqY0dUr5JIlg
id: block_content.reusable_block
label: 'Wiederverwendbarer Block'
targetEntityType: block_content
cache: true
